// !$*UTF8*$!
{
	archiveVersion = 1;
	classes = {
	};
	objectVersion = 48;
	objects = {

/* Begin PBXBuildFile section */
		02341C7DF2DAFF7296F66D83 /* Pods_SimiFlower.framework in Frameworks */ = {isa = PBXBuildFile; fileRef = 009C0C734209C123501F37F1 /* Pods_SimiFlower.framework */; };
		979246E61FFFB8CA00ADAAC6 /* AppDelegate.swift in Sources */ = {isa = PBXBuildFile; fileRef = 979246E51FFFB8CA00ADAAC6 /* AppDelegate.swift */; };
		979246E81FFFB8CA00ADAAC6 /* ViewController.swift in Sources */ = {isa = PBXBuildFile; fileRef = 979246E71FFFB8CA00ADAAC6 /* ViewController.swift */; };
		979246EB1FFFB8CA00ADAAC6 /* Main.storyboard in Resources */ = {isa = PBXBuildFile; fileRef = 979246E91FFFB8CA00ADAAC6 /* Main.storyboard */; };
		979246ED1FFFB8CA00ADAAC6 /* Assets.xcassets in Resources */ = {isa = PBXBuildFile; fileRef = 979246EC1FFFB8CA00ADAAC6 /* Assets.xcassets */; };
		979246F01FFFB8CA00ADAAC6 /* LaunchScreen.storyboard in Resources */ = {isa = PBXBuildFile; fileRef = 979246EE1FFFB8CA00ADAAC6 /* LaunchScreen.storyboard */; };
		979246F81FFFB8EE00ADAAC6 /* FlowerClassifier.mlmodel in Sources */ = {isa = PBXBuildFile; fileRef = 979246F71FFFB8EE00ADAAC6 /* FlowerClassifier.mlmodel */; };
/* End PBXBuildFile section */

/* Begin PBXFileReference section */
		009C0C734209C123501F37F1 /* Pods_SimiFlower.framework */ = {isa = PBXFileReference; explicitFileType = wrapper.framework; includeInIndex = 0; path = Pods_SimiFlower.framework; sourceTree = BUILT_PRODUCTS_DIR; };
		5933E796C3B9439F0C57E64F /* Pods-SimiFlower.release.xcconfig */ = {isa = PBXFileReference; includeInIndex = 1; lastKnownFileType = text.xcconfig; name = "Pods-SimiFlower.release.xcconfig"; path = "Pods/Target Support Files/Pods-SimiFlower/Pods-SimiFlower.release.xcconfig"; sourceTree = "<group>"; };
		979246E21FFFB8CA00ADAAC6 /* SimiFlower.app */ = {isa = PBXFileReference; explicitFileType = wrapper.application; includeInIndex = 0; path = SimiFlower.app; sourceTree = BUILT_PRODUCTS_DIR; };
		979246E51FFFB8CA00ADAAC6 /* AppDelegate.swift */ = {isa = PBXFileReference; lastKnownFileType = sourcecode.swift; path = AppDelegate.swift; sourceTree = "<group>"; };
		979246E71FFFB8CA00ADAAC6 /* ViewController.swift */ = {isa = PBXFileReference; lastKnownFileType = sourcecode.swift; path = ViewController.swift; sourceTree = "<group>"; };
		979246EA1FFFB8CA00ADAAC6 /* Base */ = {isa = PBXFileReference; lastKnownFileType = file.storyboard; name = Base; path = Base.lproj/Main.storyboard; sourceTree = "<group>"; };
		979246EC1FFFB8CA00ADAAC6 /* Assets.xcassets */ = {isa = PBXFileReference; lastKnownFileType = folder.assetcatalog; path = Assets.xcassets; sourceTree = "<group>"; };
		979246EF1FFFB8CA00ADAAC6 /* Base */ = {isa = PBXFileReference; lastKnownFileType = file.storyboard; name = Base; path = Base.lproj/LaunchScreen.storyboard; sourceTree = "<group>"; };
		979246F11FFFB8CA00ADAAC6 /* Info.plist */ = {isa = PBXFileReference; lastKnownFileType = text.plist.xml; path = Info.plist; sourceTree = "<group>"; };
		979246F71FFFB8EE00ADAAC6 /* FlowerClassifier.mlmodel */ = {isa = PBXFileReference; lastKnownFileType = file.mlmodel; path = FlowerClassifier.mlmodel; sourceTree = "<group>"; };
		9E5E5E03E8A303750DC3D776 /* Pods-SimiFlower.debug.xcconfig */ = {isa = PBXFileReference; includeInIndex = 1; lastKnownFileType = text.xcconfig; name = "Pods-SimiFlower.debug.xcconfig"; path = "Pods/Target Support Files/Pods-SimiFlower/Pods-SimiFlower.debug.xcconfig"; sourceTree = "<group>"; };
/* End PBXFileReference section */

/* Begin PBXFrameworksBuildPhase section */
		979246DF1FFFB8CA00ADAAC6 /* Frameworks */ = {
			isa = PBXFrameworksBuildPhase;
			buildActionMask = 2147483647;
			files = (
				02341C7DF2DAFF7296F66D83 /* Pods_SimiFlower.framework in Frameworks */,
			);
			runOnlyForDeploymentPostprocessing = 0;
		};
/* End PBXFrameworksBuildPhase section */

/* Begin PBXGroup section */
		114D3200B3DCBEF1547FB025 /* Frameworks */ = {
			isa = PBXGroup;
			children = (
				009C0C734209C123501F37F1 /* Pods_SimiFlower.framework */,
			);
			name = Frameworks;
			sourceTree = "<group>";
		};
		979246D91FFFB8CA00ADAAC6 = {
			isa = PBXGroup;
			children = (
				979246E41FFFB8CA00ADAAC6 /* SimiFlower */,
				979246E31FFFB8CA00ADAAC6 /* Products */,
				FE2172449CB7C05BBFFF6A29 /* Pods */,
				114D3200B3DCBEF1547FB025 /* Frameworks */,
			);
			sourceTree = "<group>";
		};
		979246E31FFFB8CA00ADAAC6 /* Products */ = {
			isa = PBXGroup;
			children = (
				979246E21FFFB8CA00ADAAC6 /* SimiFlower.app */,
			);
			name = Products;
			sourceTree = "<group>";
		};
		979246E41FFFB8CA00ADAAC6 /* SimiFlower */ = {
			isa = PBXGroup;
			children = (
				979246E51FFFB8CA00ADAAC6 /* AppDelegate.swift */,
				979246E71FFFB8CA00ADAAC6 /* ViewController.swift */,
				979246E91FFFB8CA00ADAAC6 /* Main.storyboard */,
				979246EC1FFFB8CA00ADAAC6 /* Assets.xcassets */,
				979246EE1FFFB8CA00ADAAC6 /* LaunchScreen.storyboard */,
				979246F11FFFB8CA00ADAAC6 /* Info.plist */,
				979246F71FFFB8EE00ADAAC6 /* FlowerClassifier.mlmodel */,
			);
			path = SimiFlower;
			sourceTree = "<group>";
		};
		FE2172449CB7C05BBFFF6A29 /* Pods */ = {
			isa = PBXGroup;
			children = (
				9E5E5E03E8A303750DC3D776 /* Pods-SimiFlower.debug.xcconfig */,
				5933E796C3B9439F0C57E64F /* Pods-SimiFlower.release.xcconfig */,
			);
			name = Pods;
			sourceTree = "<group>";
		};
/* End PBXGroup section */

/* Begin PBXNativeTarget section */
		979246E11FFFB8CA00ADAAC6 /* SimiFlower */ = {
			isa = PBXNativeTarget;
			buildConfigurationList = 979246F41FFFB8CA00ADAAC6 /* Build configuration list for PBXNativeTarget "SimiFlower" */;
			buildPhases = (
				EAE8D168A91390A220353BD2 /* [CP] Check Pods Manifest.lock */,
				979246DE1FFFB8CA00ADAAC6 /* Sources */,
				979246DF1FFFB8CA00ADAAC6 /* Frameworks */,
				979246E01FFFB8CA00ADAAC6 /* Resources */,
				1A37A0BB5F9784F66987E074 /* [CP] Embed Pods Frameworks */,
				8F1623A1871FC0EF4713FC4F /* [CP] Copy Pods Resources */,
			);
			buildRules = (
			);
			dependencies = (
			);
			name = SimiFlower;
			productName = SimiFlower;
			productReference = 979246E21FFFB8CA00ADAAC6 /* SimiFlower.app */;
			productType = "com.apple.product-type.application";
		};
/* End PBXNativeTarget section */

/* Begin PBXProject section */
		979246DA1FFFB8CA00ADAAC6 /* Project object */ = {
			isa = PBXProject;
			attributes = {
				LastSwiftUpdateCheck = 0920;
				LastUpgradeCheck = 0920;
				ORGANIZATIONNAME = "Karrui Lau";
				TargetAttributes = {
					979246E11FFFB8CA00ADAAC6 = {
						CreatedOnToolsVersion = 9.2;
						ProvisioningStyle = Automatic;
					};
				};
			};
			buildConfigurationList = 979246DD1FFFB8CA00ADAAC6 /* Build configuration list for PBXProject "SimiFlower" */;
			compatibilityVersion = "Xcode 8.0";
			developmentRegion = en;
			hasScannedForEncodings = 0;
			knownRegions = (
				en,
				Base,
			);
			mainGroup = 979246D91FFFB8CA00ADAAC6;
			productRefGroup = 979246E31FFFB8CA00ADAAC6 /* Products */;
			projectDirPath = "";
			projectRoot = "";
			targets = (
				979246E11FFFB8CA00ADAAC6 /* SimiFlower */,
			);
		};
/* End PBXProject section */

/* Begin PBXResourcesBuildPhase section */
		979246E01FFFB8CA00ADAAC6 /* Resources */ = {
			isa = PBXResourcesBuildPhase;
			buildActionMask = 2147483647;
			files = (
				979246F01FFFB8CA00ADAAC6 /* LaunchScreen.storyboard in Resources */,
				979246ED1FFFB8CA00ADAAC6 /* Assets.xcassets in Resources */,
				979246EB1FFFB8CA00ADAAC6 /* Main.storyboard in Resources */,
			);
			runOnlyForDeploymentPostprocessing = 0;
		};
/* End PBXResourcesBuildPhase section */

/* Begin PBXShellScriptBuildPhase section */
		1A37A0BB5F9784F66987E074 /* [CP] Embed Pods Frameworks */ = {
			isa = PBXShellScriptBuildPhase;
			buildActionMask = 2147483647;
			files = (
			);
			inputPaths = (
				"${SRCROOT}/Pods/Target Support Files/Pods-SimiFlower/Pods-SimiFlower-frameworks.sh",
				"${BUILT_PRODUCTS_DIR}/Alamofire/Alamofire.framework",
				"${BUILT_PRODUCTS_DIR}/SDWebImage/SDWebImage.framework",
				"${BUILT_PRODUCTS_DIR}/SwiftyJSON/SwiftyJSON.framework",
			);
			name = "[CP] Embed Pods Frameworks";
			outputPaths = (
				"${TARGET_BUILD_DIR}/${FRAMEWORKS_FOLDER_PATH}/Alamofire.framework",
				"${TARGET_BUILD_DIR}/${FRAMEWORKS_FOLDER_PATH}/SDWebImage.framework",
				"${TARGET_BUILD_DIR}/${FRAMEWORKS_FOLDER_PATH}/SwiftyJSON.framework",
			);
			runOnlyForDeploymentPostprocessing = 0;
			shellPath = /bin/sh;
			shellScript = "\"${SRCROOT}/Pods/Target Support Files/Pods-SimiFlower/Pods-SimiFlower-frameworks.sh\"\n";
			showEnvVarsInLog = 0;
		};
		8F1623A1871FC0EF4713FC4F /* [CP] Copy Pods Resources */ = {
			isa = PBXShellScriptBuildPhase;
			buildActionMask = 2147483647;
			files = (
			);
			inputPaths = (
			);
			name = "[CP] Copy Pods Resources";
			outputPaths = (
			);
			runOnlyForDeploymentPostprocessing = 0;
			shellPath = /bin/sh;
			shellScript = "\"${SRCROOT}/Pods/Target Support Files/Pods-SimiFlower/Pods-SimiFlower-resources.sh\"\n";
			showEnvVarsInLog = 0;
		};
		EAE8D168A91390A220353BD2 /* [CP] Check Pods Manifest.lock */ = {
			isa = PBXShellScriptBuildPhase;
			buildActionMask = 2147483647;
			files = (
			);
			inputPaths = (
				"${PODS_PODFILE_DIR_PATH}/Podfile.lock",
				"${PODS_ROOT}/Manifest.lock",
			);
			name = "[CP] Check Pods Manifest.lock";
			outputPaths = (
				"$(DERIVED_FILE_DIR)/Pods-SimiFlower-checkManifestLockResult.txt",
			);
			runOnlyForDeploymentPostprocessing = 0;
			shellPath = /bin/sh;
			shellScript = "diff \"${PODS_PODFILE_DIR_PATH}/Podfile.lock\" \"${PODS_ROOT}/Manifest.lock\" > /dev/null\nif [ $? != 0 ] ; then\n    # print error to STDERR\n    echo \"error: The sandbox is not in sync with the Podfile.lock. Run 'pod install' or update your CocoaPods installation.\" >&2\n    exit 1\nfi\n# This output is used by Xcode 'outputs' to avoid re-running this script phase.\necho \"SUCCESS\" > \"${SCRIPT_OUTPUT_FILE_0}\"\n";
			showEnvVarsInLog = 0;
		};
/* End PBXShellScriptBuildPhase section */

/* Begin PBXSourcesBuildPhase section */
		979246DE1FFFB8CA00ADAAC6 /* Sources */ = {
			isa = PBXSourcesBuildPhase;
			buildActionMask = 2147483647;
			files = (
				979246F81FFFB8EE00ADAAC6 /* FlowerClassifier.mlmodel in Sources */,
				979246E81FFFB8CA00ADAAC6 /* ViewController.swift in Sources */,
				979246E61FFFB8CA00ADAAC6 /* AppDelegate.swift in Sources */,
			);
			runOnlyForDeploymentPostprocessing = 0;
		};
/* End PBXSourcesBuildPhase section */

/* Begin PBXVariantGroup section */
		979246E91FFFB8CA00ADAAC6 /* Main.storyboard */ = {
			isa = PBXVariantGroup;
			children = (
				979246EA1FFFB8CA00ADAAC6 /* Base */,
			);
			name = Main.storyboard;
			sourceTree = "<group>";
		};
		979246EE1FFFB8CA00ADAAC6 /* LaunchScreen.storyboard */ = {
			isa = PBXVariantGroup;
			children = (
				979246EF1FFFB8CA00ADAAC6 /* Base */,
			);
			name = LaunchScreen.storyboard;
			sourceTree = "<group>";
		};
/* End PBXVariantGroup section */

/* Begin XCBuildConfiguration section */
		979246F21FFFB8CA00ADAAC6 /* Debug */ = {
			isa = XCBuildConfiguration;
			buildSettings = {
				ALWAYS_SEARCH_USER_PATHS = NO;
				CLANG_ANALYZER_NONNULL = YES;
				CLANG_ANALYZER_NUMBER_OBJECT_CONVERSION = YES_AGGRESSIVE;
				CLANG_CXX_LANGUAGE_STANDARD = "gnu++14";
				CLANG_CXX_LIBRARY = "libc++";
				CLANG_ENABLE_MODULES = YES;
				CLANG_ENABLE_OBJC_ARC = YES;
				CLANG_WARN_BLOCK_CAPTURE_AUTORELEASING = YES;
				CLANG_WARN_BOOL_CONVERSION = YES;
				CLANG_WARN_COMMA = YES;
				CLANG_WARN_CONSTANT_CONVERSION = YES;
				CLANG_WARN_DIRECT_OBJC_ISA_USAGE = YES_ERROR;
				CLANG_WARN_DOCUMENTATION_COMMENTS = YES;
				CLANG_WARN_EMPTY_BODY = YES;
				CLANG_WARN_ENUM_CONVERSION = YES;
				CLANG_WARN_INFINITE_RECURSION = YES;
				CLANG_WARN_INT_CONVERSION = YES;
				CLANG_WARN_NON_LITERAL_NULL_CONVERSION = YES;
				CLANG_WARN_OBJC_LITERAL_CONVERSION = YES;
				CLANG_WARN_OBJC_ROOT_CLASS = YES_ERROR;
				CLANG_WARN_RANGE_LOOP_ANALYSIS = YES;
				CLANG_WARN_STRICT_PROTOTYPES = YES;
				CLANG_WARN_SUSPICIOUS_MOVE = YES;
				CLANG_WARN_UNGUARDED_AVAILABILITY = YES_AGGRESSIVE;
				CLANG_WARN_UNREACHABLE_CODE = YES;
				CLANG_WARN__DUPLICATE_METHOD_MATCH = YES;
				CODE_SIGN_IDENTITY = "iPhone Developer";
				COPY_PHASE_STRIP = NO;
				DEBUG_INFORMATION_FORMAT = dwarf;
				ENABLE_STRICT_OBJC_MSGSEND = YES;
				ENABLE_TESTABILITY = YES;
				GCC_C_LANGUAGE_STANDARD = gnu11;
				GCC_DYNAMIC_NO_PIC = NO;
				GCC_NO_COMMON_BLOCKS = YES;
				GCC_OPTIMIZATION_LEVEL = 0;
				GCC_PREPROCESSOR_DEFINITIONS = (
					"DEBUG=1",
					"$(inherited)",
				);
				GCC_WARN_64_TO_32_BIT_CONVERSION = YES;
				GCC_WARN_ABOUT_RETURN_TYPE = YES_ERROR;
				GCC_WARN_UNDECLARED_SELECTOR = YES;
				GCC_WARN_UNINITIALIZED_AUTOS = YES_AGGRESSIVE;
				GCC_WARN_UNUSED_FUNCTION = YES;
				GCC_WARN_UNUSED_VARIABLE = YES;
				IPHONEOS_DEPLOYMENT_TARGET = 11.2;
				MTL_ENABLE_DEBUG_INFO = YES;
				ONLY_ACTIVE_ARCH = YES;
				SDKROOT = iphoneos;
				SWIFT_ACTIVE_COMPILATION_CONDITIONS = DEBUG;
				SWIFT_OPTIMIZATION_LEVEL = "-Onone";
			};
			name = Debug;
		};
		979246F31FFFB8CA00ADAAC6 /* Release */ = {
			isa = XCBuildConfiguration;
			buildSettings = {
				ALWAYS_SEARCH_USER_PATHS = NO;
				CLANG_ANALYZER_NONNULL = YES;
				CLANG_ANALYZER_NUMBER_OBJECT_CONVERSION = YES_AGGRESSIVE;
				CLANG_CXX_LANGUAGE_STANDARD = "gnu++14";
				CLANG_CXX_LIBRARY = "libc++";
				CLANG_ENABLE_MODULES = YES;
				CLANG_ENABLE_OBJC_ARC = YES;
				CLANG_WARN_BLOCK_CAPTURE_AUTORELEASING = YES;
				CLANG_WARN_BOOL_CONVERSION = YES;
				CLANG_WARN_COMMA = YES;
				CLANG_WARN_CONSTANT_CONVERSION = YES;
				CLANG_WARN_DIRECT_OBJC_ISA_USAGE = YES_ERROR;
				CLANG_WARN_DOCUMENTATION_COMMENTS = YES;
				CLANG_WARN_EMPTY_BODY = YES;
				CLANG_WARN_ENUM_CONVERSION = YES;
				CLANG_WARN_INFINITE_RECURSION = YES;
				CLANG_WARN_INT_CONVERSION = YES;
				CLANG_WARN_NON_LITERAL_NULL_CONVERSION = YES;
				CLANG_WARN_OBJC_LITERAL_CONVERSION = YES;
				CLANG_WARN_OBJC_ROOT_CLASS = YES_ERROR;
				CLANG_WARN_RANGE_LOOP_ANALYSIS = YES;
				CLANG_WARN_STRICT_PROTOTYPES = YES;
				CLANG_WARN_SUSPICIOUS_MOVE = YES;
				CLANG_WARN_UNGUARDED_AVAILABILITY = YES_AGGRESSIVE;
				CLANG_WARN_UNREACHABLE_CODE = YES;
				CLANG_WARN__DUPLICATE_METHOD_MATCH = YES;
				CODE_SIGN_IDENTITY = "iPhone Developer";
				COPY_PHASE_STRIP = NO;
				DEBUG_INFORMATION_FORMAT = "dwarf-with-dsym";
				ENABLE_NS_ASSERTIONS = NO;
				ENABLE_STRICT_OBJC_MSGSEND = YES;
				GCC_C_LANGUAGE_STANDARD = gnu11;
				GCC_NO_COMMON_BLOCKS = YES;
				GCC_WARN_64_TO_32_BIT_CONVERSION = YES;
				GCC_WARN_ABOUT_RETURN_TYPE = YES_ERROR;
				GCC_WARN_UNDECLARED_SELECTOR = YES;
				GCC_WARN_UNINITIALIZED_AUTOS = YES_AGGRESSIVE;
				GCC_WARN_UNUSED_FUNCTION = YES;
				GCC_WARN_UNUSED_VARIABLE = YES;
				IPHONEOS_DEPLOYMENT_TARGET = 11.2;
				MTL_ENABLE_DEBUG_INFO = NO;
				SDKROOT = iphoneos;
				SWIFT_OPTIMIZATION_LEVEL = "-Owholemodule";
				VALIDATE_PRODUCT = YES;
			};
			name = Release;
		};
		979246F51FFFB8CA00ADAAC6 /* Debug */ = {
			isa = XCBuildConfiguration;
			baseConfigurationReference = 9E5E5E03E8A303750DC3D776 /* Pods-SimiFlower.debug.xcconfig */;
			buildSettings = {
				ASSETCATALOG_COMPILER_APPICON_NAME = AppIcon;
				CODE_SIGN_STYLE = Automatic;
				DEVELOPMENT_TEAM = FH2EF8NL6A;
				INFOPLIST_FILE = SimiFlower/Info.plist;
				IPHONEOS_DEPLOYMENT_TARGET = 11.0;
				LD_RUNPATH_SEARCH_PATHS = "$(inherited) @executable_path/Frameworks";
				PRODUCT_BUNDLE_IDENTIFIER = com.karrui.SimiFlower;
				PRODUCT_NAME = "$(TARGET_NAME)";
				SWIFT_VERSION = 4.0;
				TARGETED_DEVICE_FAMILY = "1,2";
			};
			name = Debug;
		};
		979246F61FFFB8CA00ADAAC6 /* Release */ = {
			isa = XCBuildConfiguration;
			baseConfigurationReference = 5933E796C3B9439F0C57E64F /* Pods-SimiFlower.release.xcconfig */;
			buildSettings = {
				ASSETCATALOG_COMPILER_APPICON_NAME = AppIcon;
				CODE_SIGN_STYLE = Automatic;
				DEVELOPMENT_TEAM = FH2EF8NL6A;
				INFOPLIST_FILE = SimiFlower/Info.plist;
				IPHONEOS_DEPLOYMENT_TARGET = 11.0;
				LD_RUNPATH_SEARCH_PATHS = "$(inherited) @executable_path/Frameworks";
				PRODUCT_BUNDLE_IDENTIFIER = com.karrui.SimiFlower;
				PRODUCT_NAME = "$(TARGET_NAME)";
				SWIFT_VERSION = 4.0;
				TARGETED_DEVICE_FAMILY = "1,2";
			};
			name = Release;
		};
/* End XCBuildConfiguration section */

/* Begin XCConfigurationList section */
		979246DD1FFFB8CA00ADAAC6 /* Build configuration list for PBXProject "SimiFlower" */ = {
			isa = XCConfigurationList;
			buildConfigurations = (
				979246F21FFFB8CA00ADAAC6 /* Debug */,
				979246F31FFFB8CA00ADAAC6 /* Release */,
			);
			defaultConfigurationIsVisible = 0;
			defaultConfigurationName = Release;
		};
		979246F41FFFB8CA00ADAAC6 /* Build configuration list for PBXNativeTarget "SimiFlower" */ = {
			isa = XCConfigurationList;
			buildConfigurations = (
				979246F51FFFB8CA00ADAAC6 /* Debug */,
				979246F61FFFB8CA00ADAAC6 /* Release */,
			);
			defaultConfigurationIsVisible = 0;
			defaultConfigurationName = Release;
		};
/* End XCConfigurationList section */
	};
	rootObject = 979246DA1FFFB8CA00ADAAC6 /* Project object */;
}
